Microsoft Visual Studio Solution File, Format Version 12.00
# Visual Studio Version 17
VisualStudioVersion = 17.5.2.0
MinimumVisualStudioVersion = 10.0.40219.1
Project("{2150E333-8FDC-42A3-9474-1A3956D46DE8}") = "C#", "C#", "{1DBD47E2-544B-F58A-27AE-70AE938492FA}"
EndProject
Project("{FAE04EC0-301F-11D3-BF4B-00C04F79EFBC}") = "Day1", "C#\Day1\Day1.csproj", "{4CC43F1D-1785-8FFD-F175-A57C6F675FBA}"
EndProject
Global
	GlobalSection(SolutionConfigurationPlatforms) = preSolution
		Debug|Any CPU = Debug|Any CPU
		Release|Any CPU = Release|Any CPU
	EndGlobalSection
	GlobalSection(ProjectConfigurationPlatforms) = postSolution
		{4CC43F1D-1785-8FFD-F175-A57C6F675FBA}.Debug|Any CPU.ActiveCfg = Debug|Any CPU
		{4CC43F1D-1785-8FFD-F175-A57C6F675FBA}.Debug|Any CPU.Build.0 = Debug|Any CPU
		{4CC43F1D-1785-8FFD-F175-A57C6F675FBA}.Release|Any CPU.ActiveCfg = Release|Any CPU
		{4CC43F1D-1785-8FFD-F175-A57C6F675FBA}.Release|Any CPU.Build.0 = Release|Any CPU
	EndGlobalSection
	GlobalSection(SolutionProperties) = preSolution
		HideSolutionNode = FALSE
	EndGlobalSection
	GlobalSection(NestedProjects) = preSolution
		{4CC43F1D-1785-8FFD-F175-A57C6F675FBA} = {1DBD47E2-544B-F58A-27AE-70AE938492FA}
	EndGlobalSection
	GlobalSection(ExtensibilityGlobals) = postSolution
		SolutionGuid = {3828E6D4-34AB-4D2C-875B-EE060F601510}
	EndGlobalSection
EndGlobal
